// !$*UTF8*$!
{
	archiveVersion = 1;
	classes = {
	};
	objectVersion = 50;
	objects = {

/* Begin PBXBuildFile section */
		1052808C26E7E94600D909A2 /* AppDelegate.swift in Sources */ = {isa = PBXBuildFile; fileRef = 1052808B26E7E94600D909A2 /* AppDelegate.swift */; };
		1052808E26E7E94600D909A2 /* SceneDelegate.swift in Sources */ = {isa = PBXBuildFile; fileRef = 1052808D26E7E94600D909A2 /* SceneDelegate.swift */; };
		1052809026E7E94600D909A2 /* ViewController.swift in Sources */ = {isa = PBXBuildFile; fileRef = 1052808F26E7E94600D909A2 /* ViewController.swift */; };
		1052809326E7E94600D909A2 /* Main.storyboard in Resources */ = {isa = PBXBuildFile; fileRef = 1052809126E7E94600D909A2 /* Main.storyboard */; };
		1052809526E7E94700D909A2 /* Assets.xcassets in Resources */ = {isa = PBXBuildFile; fileRef = 1052809426E7E94700D909A2 /* Assets.xcassets */; };
		1052809826E7E94700D909A2 /* LaunchScreen.storyboard in Resources */ = {isa = PBXBuildFile; fileRef = 1052809626E7E94700D909A2 /* LaunchScreen.storyboard */; };
		105280A026E7E95D00D909A2 /* .gitignore in Resources */ = {isa = PBXBuildFile; fileRef = 1052809F26E7E95D00D909A2 /* .gitignore */; };
		105280A726E7EA3C00D909A2 /* Person.swift in Sources */ = {isa = PBXBuildFile; fileRef = 105280A626E7EA3C00D909A2 /* Person.swift */; };
		105280A926E7EA4D00D909A2 /* DataManager.swift in Sources */ = {isa = PBXBuildFile; fileRef = 105280A826E7EA4D00D909A2 /* DataManager.swift */; };
/* End PBXBuildFile section */

/* Begin PBXFileReference section */
		1052808826E7E94600D909A2 /* ContactList.app */ = {isa = PBXFileReference; explicitFileType = wrapper.application; includeInIndex = 0; path = ContactList.app; sourceTree = BUILT_PRODUCTS_DIR; };
		1052808B26E7E94600D909A2 /* AppDelegate.swift */ = {isa = PBXFileReference; lastKnownFileType = sourcecode.swift; path = AppDelegate.swift; sourceTree = "<group>"; };
		1052808D26E7E94600D909A2 /* SceneDelegate.swift */ = {isa = PBXFileReference; lastKnownFileType = sourcecode.swift; path = SceneDelegate.swift; sourceTree = "<group>"; };
		1052808F26E7E94600D909A2 /* ViewController.swift */ = {isa = PBXFileReference; lastKnownFileType = sourcecode.swift; path = ViewController.swift; sourceTree = "<group>"; };
		1052809226E7E94600D909A2 /* Base */ = {isa = PBXFileReference; lastKnownFileType = file.storyboard; name = Base; path = Base.lproj/Main.storyboard; sourceTree = "<group>"; };
		1052809426E7E94700D909A2 /* Assets.xcassets */ = {isa = PBXFileReference; lastKnownFileType = folder.assetcatalog; path = Assets.xcassets; sourceTree = "<group>"; };
		1052809726E7E94700D909A2 /* Base */ = {isa = PBXFileReference; lastKnownFileType = file.storyboard; name = Base; path = Base.lproj/LaunchScreen.storyboard; sourceTree = "<group>"; };
		1052809926E7E94700D909A2 /* Info.plist */ = {isa = PBXFileReference; lastKnownFileType = text.plist.xml; path = Info.plist; sourceTree = "<group>"; };
		1052809F26E7E95D00D909A2 /* .gitignore */ = {isa = PBXFileReference; lastKnownFileType = text; path = .gitignore; sourceTree = "<group>"; };
		105280A626E7EA3C00D909A2 /* Person.swift */ = {isa = PBXFileReference; lastKnownFileType = sourcecode.swift; path = Person.swift; sourceTree = "<group>"; };
		105280A826E7EA4D00D909A2 /* DataManager.swift */ = {isa = PBXFileReference; lastKnownFileType = sourcecode.swift; path = DataManager.swift; sourceTree = "<group>"; };
/* End PBXFileReference section */

/* Begin PBXFrameworksBuildPhase section */
		1052808526E7E94600D909A2 /* Frameworks */ = {
			isa = PBXFrameworksBuildPhase;
			buildActionMask = 2147483647;
			files = (
			);
			runOnlyForDeploymentPostprocessing = 0;
		};
/* End PBXFrameworksBuildPhase section */

/* Begin PBXGroup section */
		1052807F26E7E94600D909A2 = {
			isa = PBXGroup;
			children = (
				1052809F26E7E95D00D909A2 /* .gitignore */,
				1052808A26E7E94600D909A2 /* ContactList */,
				1052808926E7E94600D909A2 /* Products */,
			);
			sourceTree = "<group>";
		};
		1052808926E7E94600D909A2 /* Products */ = {
			isa = PBXGroup;
			children = (
				1052808826E7E94600D909A2 /* ContactList.app */,
			);
			name = Products;
			sourceTree = "<group>";
		};
		1052808A26E7E94600D909A2 /* ContactList */ = {
			isa = PBXGroup;
			children = (
				105280A426E7E9E700D909A2 /* ViewControllers */,
				105280A526E7EA0500D909A2 /* Models */,
				105280A326E7E9D400D909A2 /* Storyboards */,
				105280A226E7E9C100D909A2 /* Resources */,
				105280A126E7E98200D909A2 /* App */,
			);
			path = ContactList;
			sourceTree = "<group>";
		};
		105280A126E7E98200D909A2 /* App */ = {
			isa = PBXGroup;
			children = (
				1052808B26E7E94600D909A2 /* AppDelegate.swift */,
				1052808D26E7E94600D909A2 /* SceneDelegate.swift */,
				1052809926E7E94700D909A2 /* Info.plist */,
			);
			path = App;
			sourceTree = "<group>";
		};
		105280A226E7E9C100D909A2 /* Resources */ = {
			isa = PBXGroup;
			children = (
				1052809426E7E94700D909A2 /* Assets.xcassets */,
			);
			path = Resources;
			sourceTree = "<group>";
		};
		105280A326E7E9D400D909A2 /* Storyboards */ = {
			isa = PBXGroup;
			children = (
				1052809126E7E94600D909A2 /* Main.storyboard */,
				1052809626E7E94700D909A2 /* LaunchScreen.storyboard */,
			);
			path = Storyboards;
			sourceTree = "<group>";
		};
		105280A426E7E9E700D909A2 /* ViewControllers */ = {
			isa = PBXGroup;
			children = (
				1052808F26E7E94600D909A2 /* ViewController.swift */,
			);
			path = ViewControllers;
			sourceTree = "<group>";
		};
		105280A526E7EA0500D909A2 /* Models */ = {
			isa = PBXGroup;
			children = (
				105280A626E7EA3C00D909A2 /* Person.swift */,
				105280A826E7EA4D00D909A2 /* DataManager.swift */,
			);
			path = Models;
			sourceTree = "<group>";
		};
/* End PBXGroup section */

/* Begin PBXNativeTarget section */
		1052808726E7E94600D909A2 /* ContactList */ = {
			isa = PBXNativeTarget;
			buildConfigurationList = 1052809C26E7E94700D909A2 /* Build configuration list for PBXNativeTarget "ContactList" */;
			buildPhases = (
				1052808426E7E94600D909A2 /* Sources */,
				1052808526E7E94600D909A2 /* Frameworks */,
				1052808626E7E94600D909A2 /* Resources */,
			);
			buildRules = (
			);
			dependencies = (
			);
			name = ContactList;
			productName = ContactList;
			productReference = 1052808826E7E94600D909A2 /* ContactList.app */;
			productType = "com.apple.product-type.application";
		};
/* End PBXNativeTarget section */

/* Begin PBXProject section */
		1052808026E7E94600D909A2 /* Project object */ = {
			isa = PBXProject;
			attributes = {
				LastSwiftUpdateCheck = 1250;
				LastUpgradeCheck = 1250;
				TargetAttributes = {
					1052808726E7E94600D909A2 = {
						CreatedOnToolsVersion = 12.5.1;
					};
				};
			};
			buildConfigurationList = 1052808326E7E94600D909A2 /* Build configuration list for PBXProject "ContactList" */;
			compatibilityVersion = "Xcode 9.3";
			developmentRegion = en;
			hasScannedForEncodings = 0;
			knownRegions = (
				en,
				Base,
			);
			mainGroup = 1052807F26E7E94600D909A2;
			productRefGroup = 1052808926E7E94600D909A2 /* Products */;
			projectDirPath = "";
			projectRoot = "";
			targets = (
				1052808726E7E94600D909A2 /* ContactList */,
			);
		};
/* End PBXProject section */

/* Begin PBXResourcesBuildPhase section */
		1052808626E7E94600D909A2 /* Resources */ = {
			isa = PBXResourcesBuildPhase;
			buildActionMask = 2147483647;
			files = (
				105280A026E7E95D00D909A2 /* .gitignore in Resources */,
				1052809826E7E94700D909A2 /* LaunchScreen.storyboard in Resources */,
				1052809526E7E94700D909A2 /* Assets.xcassets in Resources */,
				1052809326E7E94600D909A2 /* Main.storyboard in Resources */,
			);
			runOnlyForDeploymentPostprocessing = 0;
		};
/* End PBXResourcesBuildPhase section */

/* Begin PBXSourcesBuildPhase section */
		1052808426E7E94600D909A2 /* Sources */ = {
			isa = PBXSourcesBuildPhase;
			buildActionMask = 2147483647;
			files = (
				1052809026E7E94600D909A2 /* ViewController.swift in Sources */,
				105280A926E7EA4D00D909A2 /* DataManager.swift in Sources */,
				1052808C26E7E94600D909A2 /* AppDelegate.swift in Sources */,
				105280A726E7EA3C00D909A2 /* Person.swift in Sources */,
				1052808E26E7E94600D909A2 /* SceneDelegate.swift in Sources */,
			);
			runOnlyForDeploymentPostprocessing = 0;
		};
/* End PBXSourcesBuildPhase section */

/* Begin PBXVariantGroup section */
		1052809126E7E94600D909A2 /* Main.storyboard */ = {
			isa = PBXVariantGroup;
			children = (
				1052809226E7E94600D909A2 /* Base */,
			);
			name = Main.storyboard;
			sourceTree = "<group>";
		};
		1052809626E7E94700D909A2 /* LaunchScreen.storyboard */ = {
			isa = PBXVariantGroup;
			children = (
				1052809726E7E94700D909A2 /* Base */,
			);
			name = LaunchScreen.storyboard;
			sourceTree = "<group>";
		};
/* End PBXVariantGroup section */

/* Begin XCBuildConfiguration section */
		1052809A26E7E94700D909A2 /* Debug */ = {
			isa = XCBuildConfiguration;
			buildSettings = {
				ALWAYS_SEARCH_USER_PATHS = NO;
				CLANG_ANALYZER_NONNULL = YES;
				CLANG_ANALYZER_NUMBER_OBJECT_CONVERSION = YES_AGGRESSIVE;
				CLANG_CXX_LANGUAGE_STANDARD = "gnu++14";
				CLANG_CXX_LIBRARY = "libc++";
				CLANG_ENABLE_MODULES = YES;
				CLANG_ENABLE_OBJC_ARC = YES;
				CLANG_ENABLE_OBJC_WEAK = YES;
				CLANG_WARN_BLOCK_CAPTURE_AUTORELEASING = YES;
				CLANG_WARN_BOOL_CONVERSION = YES;
				CLANG_WARN_COMMA = YES;
				CLANG_WARN_CONSTANT_CONVERSION = YES;
				CLANG_WARN_DEPRECATED_OBJC_IMPLEMENTATIONS = YES;
				CLANG_WARN_DIRECT_OBJC_ISA_USAGE = YES_ERROR;
				CLANG_WARN_DOCUMENTATION_COMMENTS = YES;
				CLANG_WARN_EMPTY_BODY = YES;
				CLANG_WARN_ENUM_CONVERSION = YES;
				CLANG_WARN_INFINITE_RECURSION = YES;
				CLANG_WARN_INT_CONVERSION = YES;
				CLANG_WARN_NON_LITERAL_NULL_CONVERSION = YES;
				CLANG_WARN_OBJC_IMPLICIT_RETAIN_SELF = YES;
				CLANG_WARN_OBJC_LITERAL_CONVERSION = YES;
				CLANG_WARN_OBJC_ROOT_CLASS = YES_ERROR;
				CLANG_WARN_QUOTED_INCLUDE_IN_FRAMEWORK_HEADER = YES;
				CLANG_WARN_RANGE_LOOP_ANALYSIS = YES;
				CLANG_WARN_STRICT_PROTOTYPES = YES;
				CLANG_WARN_SUSPICIOUS_MOVE = YES;
				CLANG_WARN_UNGUARDED_AVAILABILITY = YES_AGGRESSIVE;
				CLANG_WARN_UNREACHABLE_CODE = YES;
				CLANG_WARN__DUPLICATE_METHOD_MATCH = YES;
				COPY_PHASE_STRIP = NO;
				DEBUG_INFORMATION_FORMAT = dwarf;
				ENABLE_STRICT_OBJC_MSGSEND = YES;
				ENABLE_TESTABILITY = YES;
				GCC_C_LANGUAGE_STANDARD = gnu11;
				GCC_DYNAMIC_NO_PIC = NO;
				GCC_NO_COMMON_BLOCKS = YES;
				GCC_OPTIMIZATION_LEVEL = 0;
				GCC_PREPROCESSOR_DEFINITIONS = (
					"DEBUG=1",
					"$(inherited)",
				);
				GCC_WARN_64_TO_32_BIT_CONVERSION = YES;
				GCC_WARN_ABOUT_RETURN_TYPE = YES_ERROR;
				GCC_WARN_UNDECLARED_SELECTOR = YES;
				GCC_WARN_UNINITIALIZED_AUTOS = YES_AGGRESSIVE;
				GCC_WARN_UNUSED_FUNCTION = YES;
				GCC_WARN_UNUSED_VARIABLE = YES;
				IPHONEOS_DEPLOYMENT_TARGET = 14.5;
				MTL_ENABLE_DEBUG_INFO = INCLUDE_SOURCE;
				MTL_FAST_MATH = YES;
				ONLY_ACTIVE_ARCH = YES;
				SDKROOT = iphoneos;
				SWIFT_ACTIVE_COMPILATION_CONDITIONS = DEBUG;
				SWIFT_OPTIMIZATION_LEVEL = "-Onone";
			};
			name = Debug;
		};
		1052809B26E7E94700D909A2 /* Release */ = {
			isa = XCBuildConfiguration;
			buildSettings = {
				ALWAYS_SEARCH_USER_PATHS = NO;
				CLANG_ANALYZER_NONNULL = YES;
				CLANG_ANALYZER_NUMBER_OBJECT_CONVERSION = YES_AGGRESSIVE;
				CLANG_CXX_LANGUAGE_STANDARD = "gnu++14";
				CLANG_CXX_LIBRARY = "libc++";
				CLANG_ENABLE_MODULES = YES;
				CLANG_ENABLE_OBJC_ARC = YES;
				CLANG_ENABLE_OBJC_WEAK = YES;
				CLANG_WARN_BLOCK_CAPTURE_AUTORELEASING = YES;
				CLANG_WARN_BOOL_CONVERSION = YES;
				CLANG_WARN_COMMA = YES;
				CLANG_WARN_CONSTANT_CONVERSION = YES;
				CLANG_WARN_DEPRECATED_OBJC_IMPLEMENTATIONS = YES;
				CLANG_WARN_DIRECT_OBJC_ISA_USAGE = YES_ERROR;
				CLANG_WARN_DOCUMENTATION_COMMENTS = YES;
				CLANG_WARN_EMPTY_BODY = YES;
				CLANG_WARN_ENUM_CONVERSION = YES;
				CLANG_WARN_INFINITE_RECURSION = YES;
				CLANG_WARN_INT_CONVERSION = YES;
				CLANG_WARN_NON_LITERAL_NULL_CONVERSION = YES;
				CLANG_WARN_OBJC_IMPLICIT_RETAIN_SELF = YES;
				CLANG_WARN_OBJC_LITERAL_CONVERSION = YES;
				CLANG_WARN_OBJC_ROOT_CLASS = YES_ERROR;
				CLANG_WARN_QUOTED_INCLUDE_IN_FRAMEWORK_HEADER = YES;
				CLANG_WARN_RANGE_LOOP_ANALYSIS = YES;
				CLANG_WARN_STRICT_PROTOTYPES = YES;
				CLANG_WARN_SUSPICIOUS_MOVE = YES;
				CLANG_WARN_UNGUARDED_AVAILABILITY = YES_AGGRESSIVE;
				CLANG_WARN_UNREACHABLE_CODE = YES;
				CLANG_WARN__DUPLICATE_METHOD_MATCH = YES;
				COPY_PHASE_STRIP = NO;
				DEBUG_INFORMATION_FORMAT = "dwarf-with-dsym";
				ENABLE_NS_ASSERTIONS = NO;
				ENABLE_STRICT_OBJC_MSGSEND = YES;
				GCC_C_LANGUAGE_STANDARD = gnu11;
				GCC_NO_COMMON_BLOCKS = YES;
				GCC_WARN_64_TO_32_BIT_CONVERSION = YES;
				GCC_WARN_ABOUT_RETURN_TYPE = YES_ERROR;
				GCC_WARN_UNDECLARED_SELECTOR = YES;
				GCC_WARN_UNINITIALIZED_AUTOS = YES_AGGRESSIVE;
				GCC_WARN_UNUSED_FUNCTION = YES;
				GCC_WARN_UNUSED_VARIABLE = YES;
				IPHONEOS_DEPLOYMENT_TARGET = 14.5;
				MTL_ENABLE_DEBUG_INFO = NO;
				MTL_FAST_MATH = YES;
				SDKROOT = iphoneos;
				SWIFT_COMPILATION_MODE = wholemodule;
				SWIFT_OPTIMIZATION_LEVEL = "-O";
				VALIDATE_PRODUCT = YES;
			};
			name = Release;
		};
		1052809D26E7E94700D909A2 /* Debug */ = {
			isa = XCBuildConfiguration;
			buildSettings = {
				ASSETCATALOG_COMPILER_APPICON_NAME = AppIcon;
				ASSETCATALOG_COMPILER_GLOBAL_ACCENT_COLOR_NAME = AccentColor;
				CODE_SIGN_STYLE = Automatic;
				DEVELOPMENT_TEAM = QGLMKQL94J;
				INFOPLIST_FILE = ContactList/App/Info.plist;
				LD_RUNPATH_SEARCH_PATHS = (
					"$(inherited)",
					"@executable_path/Frameworks",
				);
				PRODUCT_BUNDLE_IDENTIFIER = Olegajaro.ContactList;
				PRODUCT_NAME = "$(TARGET_NAME)";
				SWIFT_VERSION = 5.0;
				TARGETED_DEVICE_FAMILY = "1,2";
			};
			name = Debug;
		};
		1052809E26E7E94700D909A2 /* Release */ = {
			isa = XCBuildConfiguration;
			buildSettings = {
				ASSETCATALOG_COMPILER_APPICON_NAME = AppIcon;
				ASSETCATALOG_COMPILER_GLOBAL_ACCENT_COLOR_NAME = AccentColor;
				CODE_SIGN_STYLE = Automatic;
				DEVELOPMENT_TEAM = QGLMKQL94J;
				INFOPLIST_FILE = ContactList/App/Info.plist;
				LD_RUNPATH_SEARCH_PATHS = (
					"$(inherited)",
					"@executable_path/Frameworks",
				);
				PRODUCT_BUNDLE_IDENTIFIER = Olegajaro.ContactList;
				PRODUCT_NAME = "$(TARGET_NAME)";
				SWIFT_VERSION = 5.0;
				TARGETED_DEVICE_FAMILY = "1,2";
			};
			name = Release;
		};
/* End XCBuildConfiguration section */

/* Begin XCConfigurationList section */
		1052808326E7E94600D909A2 /* Build configuration list for PBXProject "ContactList" */ = {
			isa = XCConfigurationList;
			buildConfigurations = (
				1052809A26E7E94700D909A2 /* Debug */,
				1052809B26E7E94700D909A2 /* Release */,
			);
			defaultConfigurationIsVisible = 0;
			defaultConfigurationName = Release;
		};
		1052809C26E7E94700D909A2 /* Build configuration list for PBXNativeTarget "ContactList" */ = {
			isa = XCConfigurationList;
			buildConfigurations = (
				1052809D26E7E94700D909A2 /* Debug */,
				1052809E26E7E94700D909A2 /* Release */,
			);
			defaultConfigurationIsVisible = 0;
			defaultConfigurationName = Release;
		};
/* End XCConfigurationList section */
	};
	rootObject = 1052808026E7E94600D909A2 /* Project object */;
}
